{
  "nodes": {
    "aero-kwin": {
      "flake": false,
      "locked": {
        "lastModified": 1773500087,
        "narHash": "sha256-Bfu58sJitaO7385sm13BNoq79sQrJ0yOXKnQoJXLXZQ=",
        "ref": "refs/heads/Plasma/6.6",
        "rev": "f4a336a19cfb85ff8bee4236742a53d77aee3346",
        "revCount": 34,
        "type": "git",
        "url": "ssh://git@github.com/rustussy/aeroshell-kwin-components"
      },
      "original": {
        "type": "git",
        "url": "ssh://git@github.com/rustussy/aeroshell-kwin-components"
      }
    },
    "aero-libplasma": {
      "flake": false,
      "locked": {
        "lastModified": 1772554628,
        "narHash": "sha256-vniHmuvwf3vRztx+D4/h4LWvkdPV9OgkpGfNxy+4qrw=",
        "ref": "refs/heads/Plasma/6.6",
        "rev": "6aa6d2f0b0ce9b71d50881c551a2878a966beb61",
        "revCount": 17865,
        "type": "git",
        "url": "ssh://git@github.com/rustussy/aeroshell-libplasma"
      },
      "original": {
        "type": "git",
        "url": "ssh://git@github.com/rustussy/aeroshell-libplasma"
      }
    },
    "aero-smod": {
      "flake": false,
      "locked": {
        "lastModified": 1772762678,
        "narHash": "sha256-rhSXuyI8imsukGiImlOiAh2eC5MicMtAwe7kOAL12nE=",
        "ref": "refs/heads/Plasma/6.6",
        "rev": "4ced8a6396616176555f424e9c3eb60d18395d9f",
        "revCount": 26,
        "type": "git",
        "url": "ssh://git@github.com/rustussy/aeroshell-smod"
      },
      "original": {
        "type": "git",
        "url": "ssh://git@github.com/rustussy/aeroshell-smod"
      }
    },
    "aero-workspace": {
      "flake": false,
      "locked": {
        "lastModified": 1773614459,
        "narHash": "sha256-4ycZNNpin3rYOtAqNWWmUHP6GBhAos8s1xYhi112HVQ=",
        "ref": "refs/heads/Plasma/6.6",
        "rev": "2dff1291230d4222c6c56e75ad6d88e048d61d87",
        "revCount": 14,
        "type": "git",
        "url": "ssh://git@github.com/rustussy/aeroshell-workspace"
      },
      "original": {
        "type": "git",
        "url": "ssh://git@github.com/rustussy/aeroshell-workspace"
      }
    },
    "aerothemeplasma": {
      "flake": false,
      "locked": {
        "lastModified": 1773647844,
        "narHash": "sha256-kSGtRTFJdpgPJDOXeX9vQYvKiqZ8pvlpBS6j54m/k5U=",
        "ref": "refs/heads/Plasma/6.6",
        "rev": "d2a1220ff2b94ec490413ceb333ca4f1c3de3e4d",
        "revCount": 699,
        "type": "git",
        "url": "ssh://git@github.com/rustussy/aerothemeplasma"
      },
      "original": {
        "type": "git",
        "url": "ssh://git@github.com/rustussy/aerothemeplasma"
      }
    },
    "agenix": {
      "inputs": {
        "darwin": "darwin",
        "home-manager": "home-manager",
        "nixpkgs": [
          "nixpkgs"
        ],
        "systems": "systems"
      },
      "locked": {
        "lastModified": 1770165109,
        "narHash": "sha256-9VnK6Oqai65puVJ4WYtCTvlJeXxMzAp/69HhQuTdl/I=",
        "owner": "ryantm",
        "repo": "agenix",
        "rev": "b027ee29d959fda4b60b57566d64c98a202e0feb",
        "type": "github"
      },
      "original": {
        "owner": "ryantm",
        "repo": "agenix",
        "type": "github"
      }
    },
    "crane": {
      "locked": {
        "lastModified": 1765145449,
        "narHash": "sha256-aBVHGWWRzSpfL++LubA0CwOOQ64WNLegrYHwsVuVN7A=",
        "owner": "ipetkov",
        "repo": "crane",
        "rev": "69f538cdce5955fcd47abfed4395dc6d5194c1c5",
        "type": "github"
      },
      "original": {
        "owner": "ipetkov",
        "repo": "crane",
        "type": "github"
      }
    },
    "darwin": {
      "inputs": {
        "nixpkgs": [
          "agenix",
          "nixpkgs"
        ]
      },
      "locked": {
        "lastModified": 1744478979,
        "narHash": "sha256-dyN+teG9G82G+m+PX/aSAagkC+vUv0SgUw3XkPhQodQ=",
        "owner": "lnl7",
        "repo": "nix-darwin",
        "rev": "43975d782b418ebf4969e9ccba82466728c2851b",
        "type": "github"
      },
      "original": {
        "owner": "lnl7",
        "ref": "master",
        "repo": "nix-darwin",
        "type": "github"
      }
    },
    "flake-compat": {
      "flake": false,
      "locked": {
        "lastModified": 1761588595,
        "narHash": "sha256-XKUZz9zewJNUj46b4AJdiRZJAvSZ0Dqj2BNfXvFlJC4=",
        "owner": "edolstra",
        "repo": "flake-compat",
        "rev": "f387cd2afec9419c8ee37694406ca490c3f34ee5",
        "type": "github"
      },
      "original": {
        "owner": "edolstra",
        "repo": "flake-compat",
        "type": "github"
      }
    },
    "gitignore": {
      "inputs": {
        "nixpkgs": [
          "lanzaboote",
          "pre-commit",
          "nixpkgs"
        ]
      },
      "locked": {
        "lastModified": 1709087332,
        "narHash": "sha256-HG2cCnktfHsKV0s4XW83gU3F57gaTljL9KNSuG6bnQs=",
        "owner": "hercules-ci",
        "repo": "gitignore.nix",
        "rev": "637db329424fd7e46cf4185293b9cc8c88c95394",
        "type": "github"
      },
      "original": {
        "owner": "hercules-ci",
        "repo": "gitignore.nix",
        "type": "github"
      }
    },
    "home-manager": {
      "inputs": {
        "nixpkgs": [
          "agenix",
          "nixpkgs"
        ]
      },
      "locked": {
        "lastModified": 1745494811,
        "narHash": "sha256-YZCh2o9Ua1n9uCvrvi5pRxtuVNml8X2a03qIFfRKpFs=",
        "owner": "nix-community",
        "repo": "home-manager",
        "rev": "abfad3d2958c9e6300a883bd443512c55dfeb1be",
        "type": "github"
      },
      "original": {
        "owner": "nix-community",
        "repo": "home-manager",
        "type": "github"
      }
    },
    "home-manager_2": {
      "inputs": {
        "nixpkgs": [
          "nixpkgs"
        ]
      },
      "locked": {
        "lastModified": 1773608492,
        "narHash": "sha256-QZteyExJYSQzgxqdsesDPbQgjctGG7iKV/6ooyQPITk=",
        "owner": "nix-community",
        "repo": "home-manager",
        "rev": "9a40ec3b78fc688d0908485887d355caa5666d18",
        "type": "github"
      },
      "original": {
        "owner": "nix-community",
        "ref": "master",
        "repo": "home-manager",
        "type": "github"
      }
    },
    "lanzaboote": {
      "inputs": {
        "crane": "crane",
        "nixpkgs": [
          "nixpkgs"
        ],
        "pre-commit": "pre-commit",
        "rust-overlay": "rust-overlay"
      },
      "locked": {
        "lastModified": 1765382359,
        "narHash": "sha256-RJmgVDzjRI18BWVogG6wpsl1UCuV6ui8qr4DJ1LfWZ8=",
        "owner": "nix-community",
        "repo": "lanzaboote",
        "rev": "e8c096ade12ec9130ff931b0f0e25d2f1bc63607",
        "type": "github"
      },
      "original": {
        "owner": "nix-community",
        "ref": "v1.0.0",
        "repo": "lanzaboote",
        "type": "github"
      }
    },
    "nix-darwin": {
      "inputs": {
        "nixpkgs": [
          "nixpkgs"
        ]
      },
      "locked": {
        "lastModified": 1773000227,
        "narHash": "sha256-zm3ftUQw0MPumYi91HovoGhgyZBlM4o3Zy0LhPNwzXE=",
        "owner": "nix-darwin",
        "repo": "nix-darwin",
        "rev": "da529ac9e46f25ed5616fd634079a5f3c579135f",
        "type": "github"
      },
      "original": {
        "owner": "nix-darwin",
        "ref": "master",
        "repo": "nix-darwin",
        "type": "github"
      }
    },
    "nixpkgs": {
      "locked": {
        "lastModified": 1773579282,
        "narHash": "sha256-LWvZj9Bvm1EuoO6zbX4yjZebwnZNfeTbmCJGS7RGQ3Y=",
        "owner": "NixOS",
        "repo": "nixpkgs",
        "rev": "5a88de74db0e948139be4b46f9a94d64aa11391c",
        "type": "github"
      },
      "original": {
        "owner": "NixOS",
        "ref": "nixos-unstable",
        "repo": "nixpkgs",
        "type": "github"
      }
    },
    "plasma-manager": {
      "inputs": {
        "home-manager": [
          "home-manager"
        ],
        "nixpkgs": [
          "nixpkgs"
        ]
      },
      "locked": {
        "lastModified": 1772361940,
        "narHash": "sha256-B1Cz+ydL1iaOnGlwOFld/C8lBECPtzhiy/pP93/CuyY=",
        "owner": "nix-community",
        "repo": "plasma-manager",
        "rev": "a4b33606111c9c5dcd10009042bb710307174f51",
        "type": "github"
      },
      "original": {
        "owner": "nix-community",
        "repo": "plasma-manager",
        "type": "github"
      }
    },
    "plymouth-vista": {
      "flake": false,
      "locked": {
        "lastModified": 1771744425,
        "narHash": "sha256-5HV3OS0PKcgh2HjKVkazkWdrubjm/rMSSQWaE/twPe0=",
        "ref": "refs/heads/main",
        "rev": "7c6d86524f53821f2b531ed4bc0444e0a3184d80",
        "revCount": 111,
        "type": "git",
        "url": "ssh://git@github.com/rustussy/plymouth-vista"
      },
      "original": {
        "type": "git",
        "url": "ssh://git@github.com/rustussy/plymouth-vista"
      }
    },
    "pre-commit": {
      "inputs": {
        "flake-compat": "flake-compat",
        "gitignore": "gitignore",
        "nixpkgs": [
          "lanzaboote",
          "nixpkgs"
        ]
      },
      "locked": {
        "lastModified": 1765016596,
        "narHash": "sha256-rhSqPNxDVow7OQKi4qS5H8Au0P4S3AYbawBSmJNUtBQ=",
        "owner": "cachix",
        "repo": "pre-commit-hooks.nix",
        "rev": "548fc44fca28a5e81c5d6b846e555e6b9c2a5a3c",
        "type": "github"
      },
      "original": {
        "owner": "cachix",
        "repo": "pre-commit-hooks.nix",
        "type": "github"
      }
    },
    "root": {
      "inputs": {
        "aero-kwin": "aero-kwin",
        "aero-libplasma": "aero-libplasma",
        "aero-smod": "aero-smod",
        "aero-workspace": "aero-workspace",
        "aerothemeplasma": "aerothemeplasma",
        "agenix": "agenix",
        "home-manager": "home-manager_2",
        "lanzaboote": "lanzaboote",
        "nix-darwin": "nix-darwin",
        "nixpkgs": "nixpkgs",
        "plasma-manager": "plasma-manager",
        "plymouth-vista": "plymouth-vista",
        "secrets": "secrets",
        "uac-polkit-agent": "uac-polkit-agent"
      }
    },
    "rust-overlay": {
      "inputs": {
        "nixpkgs": [
          "lanzaboote",
          "nixpkgs"
        ]
      },
      "locked": {
        "lastModified": 1765075567,
        "narHash": "sha256-KFDCdQcHJ0hE3Nt5Gm5enRIhmtEifAjpxgUQ3mzSJpA=",
        "owner": "oxalica",
        "repo": "rust-overlay",
        "rev": "769156779b41e8787a46ca3d7d76443aaf68be6f",
        "type": "github"
      },
      "original": {
        "owner": "oxalica",
        "repo": "rust-overlay",
        "type": "github"
      }
    },
    "secrets": {
      "flake": false,
      "locked": {
        "lastModified": 1761208053,
        "narHash": "sha256-ZmGK+AWHRuXeaLixCNzGtsrv0YyyVD+bOVTLu2K46ZI=",
        "ref": "refs/heads/main",
        "rev": "5a825af8c97bf8f97531a3e1840c5bffe019f0db",
        "revCount": 2,
        "type": "git",
        "url": "ssh://git@github.com/DuCanhGH/nix-secrets.git"
      },
      "original": {
        "type": "git",
        "url": "ssh://git@github.com/DuCanhGH/nix-secrets.git"
      }
    },
    "systems": {
      "locked": {
        "lastModified": 1681028828,
        "narHash": "sha256-Vy1rq5AaRuLzOxct8nz4T6wlgyUR7zLU309k9mBC768=",
        "owner": "nix-systems",
        "repo": "default",
        "rev": "da67096a3b9bf56a91d16901293e51ba5b49a27e",
        "type": "github"
      },
      "original": {
        "owner": "nix-systems",
        "repo": "default",
        "type": "github"
      }
    },
    "uac-polkit-agent": {
      "flake": false,
      "locked": {
        "lastModified": 1773604303,
        "narHash": "sha256-MXZCC0tzr3dPY+4yNKx+4l70gRM8ZZqoxbj7U4qrf5M=",
        "ref": "refs/heads/Plasma/6.6",
        "rev": "30f6179a2ac78f68c039dc870574afaa1b5f9bd2",
        "revCount": 813,
        "type": "git",
        "url": "ssh://git@github.com/rustussy/uac-polkit-agent"
      },
      "original": {
        "type": "git",
        "url": "ssh://git@github.com/rustussy/uac-polkit-agent"
      }
    }
  },
  "root": "root",
  "version": 7
}
